// !$*UTF8*$!
{
	archiveVersion = 1;
	classes = {
	};
	objectVersion = 46;
	objects = {

/* Begin PBXBuildFile section */
		095C48F81A19CA5600C8EF65 /* AppDelegate.m in Sources */ = {isa = PBXBuildFile; fileRef = 095C48E61A19CA5600C8EF65 /* AppDelegate.m */; };
		095C48F91A19CA5600C8EF65 /* InfoPlist.strings in Resources */ = {isa = PBXBuildFile; fileRef = 095C48E71A19CA5600C8EF65 /* InfoPlist.strings */; };
		095C48FA1A19CA5600C8EF65 /* MainMenu.xib in Resources */ = {isa = PBXBuildFile; fileRef = 095C48E91A19CA5600C8EF65 /* MainMenu.xib */; };
		095C48FB1A19CA5600C8EF65 /* json.tq1 in Resources */ = {isa = PBXBuildFile; fileRef = 095C48EB1A19CA5600C8EF65 /* json.tq1 */; };
		095C48FC1A19CA5600C8EF65 /* json.tq2 in Resources */ = {isa = PBXBuildFile; fileRef = 095C48EC1A19CA5600C8EF65 /* json.tq2 */; };
		095C48FD1A19CA5600C8EF65 /* JsonCompletor-Info.plist in Resources */ = {isa = PBXBuildFile; fileRef = 095C48ED1A19CA5600C8EF65 /* JsonCompletor-Info.plist */; };
		095C48FE1A19CA5600C8EF65 /* JSONKit.m in Sources */ = {isa = PBXBuildFile; fileRef = 095C48F01A19CA5600C8EF65 /* JSONKit.m */; settings = {COMPILER_FLAGS = "-fno-objc-arc"; }; };
		095C48FF1A19CA5600C8EF65 /* JSONPropertyWindowController.m in Sources */ = {isa = PBXBuildFile; fileRef = 095C48F21A19CA5600C8EF65 /* JSONPropertyWindowController.m */; };
		095C49001A19CA5600C8EF65 /* JSONPropertyWindowController.xib in Resources */ = {isa = PBXBuildFile; fileRef = 095C48F31A19CA5600C8EF65 /* JSONPropertyWindowController.xib */; };
		095C49011A19CA5600C8EF65 /* JSONWindowController.m in Sources */ = {isa = PBXBuildFile; fileRef = 095C48F51A19CA5600C8EF65 /* JSONWindowController.m */; };
		095C49021A19CA5600C8EF65 /* JSONWindowController.xib in Resources */ = {isa = PBXBuildFile; fileRef = 095C48F61A19CA5600C8EF65 /* JSONWindowController.xib */; };
		095C49031A19CA5600C8EF65 /* main.m in Sources */ = {isa = PBXBuildFile; fileRef = 095C48F71A19CA5600C8EF65 /* main.m */; };
		09BE794B1A160C4500C9BAA4 /* caicai.icns in Resources */ = {isa = PBXBuildFile; fileRef = 09BE794A1A160C4500C9BAA4 /* caicai.icns */; };
		438EDC2815E1D08700D6B752 /* Cocoa.framework in Frameworks */ = {isa = PBXBuildFile; fileRef = 438EDC2715E1D08700D6B752 /* Cocoa.framework */; };
/* End PBXBuildFile section */

/* Begin PBXFileReference section */
		095C48E51A19CA5600C8EF65 /* AppDelegate.h */ = {isa = PBXFileReference; fileEncoding = 4; lastKnownFileType = sourcecode.c.h; path = AppDelegate.h; sourceTree = "<group>"; };
		095C48E61A19CA5600C8EF65 /* AppDelegate.m */ = {isa = PBXFileReference; fileEncoding = 4; lastKnownFileType = sourcecode.c.objc; path = AppDelegate.m; sourceTree = "<group>"; };
		095C48E81A19CA5600C8EF65 /* en */ = {isa = PBXFileReference; lastKnownFileType = text.plist.strings; name = en; path = en.lproj/InfoPlist.strings; sourceTree = "<group>"; };
		095C48EA1A19CA5600C8EF65 /* en */ = {isa = PBXFileReference; lastKnownFileType = file.xib; name = en; path = en.lproj/MainMenu.xib; sourceTree = "<group>"; };
		095C48EB1A19CA5600C8EF65 /* json.tq1 */ = {isa = PBXFileReference; fileEncoding = 4; lastKnownFileType = text; path = json.tq1; sourceTree = "<group>"; };
		095C48EC1A19CA5600C8EF65 /* json.tq2 */ = {isa = PBXFileReference; fileEncoding = 4; lastKnownFileType = text; path = json.tq2; sourceTree = "<group>"; };
		095C48ED1A19CA5600C8EF65 /* JsonCompletor-Info.plist */ = {isa = PBXFileReference; fileEncoding = 4; lastKnownFileType = text.plist.xml; path = "JsonCompletor-Info.plist"; sourceTree = "<group>"; };
		095C48EE1A19CA5600C8EF65 /* JsonCompletor-Prefix.pch */ = {isa = PBXFileReference; fileEncoding = 4; lastKnownFileType = sourcecode.c.h; path = "JsonCompletor-Prefix.pch"; sourceTree = "<group>"; };
		095C48EF1A19CA5600C8EF65 /* JSONKit.h */ = {isa = PBXFileReference; fileEncoding = 4; lastKnownFileType = sourcecode.c.h; path = JSONKit.h; sourceTree = "<group>"; };
		095C48F01A19CA5600C8EF65 /* JSONKit.m */ = {isa = PBXFileReference; fileEncoding = 4; lastKnownFileType = sourcecode.c.objc; path = JSONKit.m; sourceTree = "<group>"; };
		095C48F11A19CA5600C8EF65 /* JSONPropertyWindowController.h */ = {isa = PBXFileReference; fileEncoding = 4; lastKnownFileType = sourcecode.c.h; path = JSONPropertyWindowController.h; sourceTree = "<group>"; };
		095C48F21A19CA5600C8EF65 /* JSONPropertyWindowController.m */ = {isa = PBXFileReference; fileEncoding = 4; lastKnownFileType = sourcecode.c.objc; path = JSONPropertyWindowController.m; sourceTree = "<group>"; };
		095C48F31A19CA5600C8EF65 /* JSONPropertyWindowController.xib */ = {isa = PBXFileReference; fileEncoding = 4; lastKnownFileType = file.xib; path = JSONPropertyWindowController.xib; sourceTree = "<group>"; };
		095C48F41A19CA5600C8EF65 /* JSONWindowController.h */ = {isa = PBXFileReference; fileEncoding = 4; lastKnownFileType = sourcecode.c.h; path = JSONWindowController.h; sourceTree = "<group>"; };
		095C48F51A19CA5600C8EF65 /* JSONWindowController.m */ = {isa = PBXFileReference; fileEncoding = 4; lastKnownFileType = sourcecode.c.objc; path = JSONWindowController.m; sourceTree = "<group>"; };
		095C48F61A19CA5600C8EF65 /* JSONWindowController.xib */ = {isa = PBXFileReference; fileEncoding = 4; lastKnownFileType = file.xib; path = JSONWindowController.xib; sourceTree = "<group>"; };
		095C48F71A19CA5600C8EF65 /* main.m */ = {isa = PBXFileReference; fileEncoding = 4; lastKnownFileType = sourcecode.c.objc; path = main.m; sourceTree = "<group>"; };
		09BE794A1A160C4500C9BAA4 /* caicai.icns */ = {isa = PBXFileReference; lastKnownFileType = image.icns; path = caicai.icns; sourceTree = "<group>"; };
		438EDC2315E1D08700D6B752 /* JsonCompletor.app */ = {isa = PBXFileReference; explicitFileType = wrapper.application; includeInIndex = 0; path = JsonCompletor.app; sourceTree = BUILT_PRODUCTS_DIR; };
		438EDC2715E1D08700D6B752 /* Cocoa.framework */ = {isa = PBXFileReference; lastKnownFileType = wrapper.framework; name = Cocoa.framework; path = System/Library/Frameworks/Cocoa.framework; sourceTree = SDKROOT; };
		438EDC2A15E1D08700D6B752 /* AppKit.framework */ = {isa = PBXFileReference; lastKnownFileType = wrapper.framework; name = AppKit.framework; path = System/Library/Frameworks/AppKit.framework; sourceTree = SDKROOT; };
		438EDC2B15E1D08700D6B752 /* CoreData.framework */ = {isa = PBXFileReference; lastKnownFileType = wrapper.framework; name = CoreData.framework; path = System/Library/Frameworks/CoreData.framework; sourceTree = SDKROOT; };
		438EDC2C15E1D08700D6B752 /* Foundation.framework */ = {isa = PBXFileReference; lastKnownFileType = wrapper.framework; name = Foundation.framework; path = System/Library/Frameworks/Foundation.framework; sourceTree = SDKROOT; };
/* End PBXFileReference section */

/* Begin PBXFrameworksBuildPhase section */
		438EDC2015E1D08700D6B752 /* Frameworks */ = {
			isa = PBXFrameworksBuildPhase;
			buildActionMask = 2147483647;
			files = (
				438EDC2815E1D08700D6B752 /* Cocoa.framework in Frameworks */,
			);
			runOnlyForDeploymentPostprocessing = 0;
		};
/* End PBXFrameworksBuildPhase section */

/* Begin PBXGroup section */
		095C48E41A19CA5600C8EF65 /* JsonCompletor */ = {
			isa = PBXGroup;
			children = (
				095C48E51A19CA5600C8EF65 /* AppDelegate.h */,
				095C48E61A19CA5600C8EF65 /* AppDelegate.m */,
				095C48E91A19CA5600C8EF65 /* MainMenu.xib */,
				095C48EB1A19CA5600C8EF65 /* json.tq1 */,
				095C48EC1A19CA5600C8EF65 /* json.tq2 */,
				095C48EF1A19CA5600C8EF65 /* JSONKit.h */,
				095C48F01A19CA5600C8EF65 /* JSONKit.m */,
				095C48F11A19CA5600C8EF65 /* JSONPropertyWindowController.h */,
				095C48F21A19CA5600C8EF65 /* JSONPropertyWindowController.m */,
				095C48F31A19CA5600C8EF65 /* JSONPropertyWindowController.xib */,
				095C48F41A19CA5600C8EF65 /* JSONWindowController.h */,
				095C48F51A19CA5600C8EF65 /* JSONWindowController.m */,
				095C48F61A19CA5600C8EF65 /* JSONWindowController.xib */,
				095C49041A19CA8100C8EF65 /* Supporting Files */,
			);
			path = JsonCompletor;
			sourceTree = "<group>";
		};
		095C49041A19CA8100C8EF65 /* Supporting Files */ = {
			isa = PBXGroup;
			children = (
				095C48E71A19CA5600C8EF65 /* InfoPlist.strings */,
				095C48ED1A19CA5600C8EF65 /* JsonCompletor-Info.plist */,
				095C48EE1A19CA5600C8EF65 /* JsonCompletor-Prefix.pch */,
				095C48F71A19CA5600C8EF65 /* main.m */,
			);
			name = "Supporting Files";
			sourceTree = "<group>";
		};
		438EDC1815E1D08700D6B752 = {
			isa = PBXGroup;
			children = (
				09BE794A1A160C4500C9BAA4 /* caicai.icns */,
				095C48E41A19CA5600C8EF65 /* JsonCompletor */,
				438EDC2615E1D08700D6B752 /* Frameworks */,
				438EDC2415E1D08700D6B752 /* Products */,
			);
			sourceTree = "<group>";
		};
		438EDC2415E1D08700D6B752 /* Products */ = {
			isa = PBXGroup;
			children = (
				438EDC2315E1D08700D6B752 /* JsonCompletor.app */,
			);
			name = Products;
			sourceTree = "<group>";
		};
		438EDC2615E1D08700D6B752 /* Frameworks */ = {
			isa = PBXGroup;
			children = (
				438EDC2715E1D08700D6B752 /* Cocoa.framework */,
				438EDC2915E1D08700D6B752 /* Other Frameworks */,
			);
			name = Frameworks;
			sourceTree = "<group>";
		};
		438EDC2915E1D08700D6B752 /* Other Frameworks */ = {
			isa = PBXGroup;
			children = (
				438EDC2A15E1D08700D6B752 /* AppKit.framework */,
				438EDC2B15E1D08700D6B752 /* CoreData.framework */,
				438EDC2C15E1D08700D6B752 /* Foundation.framework */,
			);
			name = "Other Frameworks";
			sourceTree = "<group>";
		};
/* End PBXGroup section */

/* Begin PBXNativeTarget section */
		438EDC2215E1D08700D6B752 /* JsonCompletor */ = {
			isa = PBXNativeTarget;
			buildConfigurationList = 438EDC4115E1D08800D6B752 /* Build configuration list for PBXNativeTarget "JsonCompletor" */;
			buildPhases = (
				438EDC1F15E1D08700D6B752 /* Sources */,
				438EDC2015E1D08700D6B752 /* Frameworks */,
				438EDC2115E1D08700D6B752 /* Resources */,
			);
			buildRules = (
			);
			dependencies = (
			);
			name = JsonCompletor;
			productName = AutomaticCoder;
			productReference = 438EDC2315E1D08700D6B752 /* JsonCompletor.app */;
			productType = "com.apple.product-type.application";
		};
/* End PBXNativeTarget section */

/* Begin PBXProject section */
		438EDC1A15E1D08700D6B752 /* Project object */ = {
			isa = PBXProject;
			attributes = {
				LastUpgradeCheck = 0440;
				ORGANIZATIONNAME = me.zhangxi;
			};
			buildConfigurationList = 438EDC1D15E1D08700D6B752 /* Build configuration list for PBXProject "JsonCompletor" */;
			compatibilityVersion = "Xcode 3.2";
			developmentRegion = English;
			hasScannedForEncodings = 0;
			knownRegions = (
				en,
			);
			mainGroup = 438EDC1815E1D08700D6B752;
			productRefGroup = 438EDC2415E1D08700D6B752 /* Products */;
			projectDirPath = "";
			projectRoot = "";
			targets = (
				438EDC2215E1D08700D6B752 /* JsonCompletor */,
			);
		};
/* End PBXProject section */

/* Begin PBXResourcesBuildPhase section */
		438EDC2115E1D08700D6B752 /* Resources */ = {
			isa = PBXResourcesBuildPhase;
			buildActionMask = 2147483647;
			files = (
				095C48F91A19CA5600C8EF65 /* InfoPlist.strings in Resources */,
				095C48FB1A19CA5600C8EF65 /* json.tq1 in Resources */,
				095C49021A19CA5600C8EF65 /* JSONWindowController.xib in Resources */,
				095C48FC1A19CA5600C8EF65 /* json.tq2 in Resources */,
				09BE794B1A160C4500C9BAA4 /* caicai.icns in Resources */,
				095C49001A19CA5600C8EF65 /* JSONPropertyWindowController.xib in Resources */,
				095C48FD1A19CA5600C8EF65 /* JsonCompletor-Info.plist in Resources */,
				095C48FA1A19CA5600C8EF65 /* MainMenu.xib in Resources */,
			);
			runOnlyForDeploymentPostprocessing = 0;
		};
/* End PBXResourcesBuildPhase section */

/* Begin PBXSourcesBuildPhase section */
		438EDC1F15E1D08700D6B752 /* Sources */ = {
			isa = PBXSourcesBuildPhase;
			buildActionMask = 2147483647;
			files = (
				095C49031A19CA5600C8EF65 /* main.m in Sources */,
				095C48F81A19CA5600C8EF65 /* AppDelegate.m in Sources */,
				095C48FF1A19CA5600C8EF65 /* JSONPropertyWindowController.m in Sources */,
				095C49011A19CA5600C8EF65 /* JSONWindowController.m in Sources */,
				095C48FE1A19CA5600C8EF65 /* JSONKit.m in Sources */,
			);
			runOnlyForDeploymentPostprocessing = 0;
		};
/* End PBXSourcesBuildPhase section */

/* Begin PBXVariantGroup section */
		095C48E71A19CA5600C8EF65 /* InfoPlist.strings */ = {
			isa = PBXVariantGroup;
			children = (
				095C48E81A19CA5600C8EF65 /* en */,
			);
			name = InfoPlist.strings;
			sourceTree = "<group>";
		};
		095C48E91A19CA5600C8EF65 /* MainMenu.xib */ = {
			isa = PBXVariantGroup;
			children = (
				095C48EA1A19CA5600C8EF65 /* en */,
			);
			name = MainMenu.xib;
			sourceTree = "<group>";
		};
/* End PBXVariantGroup section */

/* Begin XCBuildConfiguration section */
		438EDC3F15E1D08800D6B752 /* Debug */ = {
			isa = XCBuildConfiguration;
			buildSettings = {
				ALWAYS_SEARCH_USER_PATHS = NO;
				ARCHS = "$(ARCHS_STANDARD_64_BIT)";
				CLANG_CXX_LANGUAGE_STANDARD = "gnu++0x";
				CLANG_ENABLE_OBJC_ARC = YES;
				CLANG_WARN__DUPLICATE_METHOD_MATCH = YES;
				COPY_PHASE_STRIP = NO;
				GCC_C_LANGUAGE_STANDARD = gnu99;
				GCC_DYNAMIC_NO_PIC = NO;
				GCC_ENABLE_OBJC_EXCEPTIONS = YES;
				GCC_OPTIMIZATION_LEVEL = 0;
				GCC_PREPROCESSOR_DEFINITIONS = (
					"DEBUG=1",
					"$(inherited)",
				);
				GCC_SYMBOLS_PRIVATE_EXTERN = NO;
				GCC_WARN_64_TO_32_BIT_CONVERSION = YES;
				GCC_WARN_ABOUT_RETURN_TYPE = YES;
				GCC_WARN_UNINITIALIZED_AUTOS = YES;
				GCC_WARN_UNUSED_VARIABLE = YES;
				MACOSX_DEPLOYMENT_TARGET = 10.8;
				ONLY_ACTIVE_ARCH = YES;
				SDKROOT = macosx;
			};
			name = Debug;
		};
		438EDC4015E1D08800D6B752 /* Release */ = {
			isa = XCBuildConfiguration;
			buildSettings = {
				ALWAYS_SEARCH_USER_PATHS = NO;
				ARCHS = "$(ARCHS_STANDARD_64_BIT)";
				CLANG_CXX_LANGUAGE_STANDARD = "gnu++0x";
				CLANG_ENABLE_OBJC_ARC = YES;
				CLANG_WARN__DUPLICATE_METHOD_MATCH = YES;
				COPY_PHASE_STRIP = YES;
				DEBUG_INFORMATION_FORMAT = "dwarf-with-dsym";
				GCC_C_LANGUAGE_STANDARD = gnu99;
				GCC_ENABLE_OBJC_EXCEPTIONS = YES;
				GCC_WARN_64_TO_32_BIT_CONVERSION = YES;
				GCC_WARN_ABOUT_RETURN_TYPE = YES;
				GCC_WARN_UNINITIALIZED_AUTOS = YES;
				GCC_WARN_UNUSED_VARIABLE = YES;
				MACOSX_DEPLOYMENT_TARGET = 10.8;
				SDKROOT = macosx;
			};
			name = Release;
		};
		438EDC4215E1D08800D6B752 /* Debug */ = {
			isa = XCBuildConfiguration;
			buildSettings = {
				CODE_SIGN_ENTITLEMENTS = "";
				CODE_SIGN_IDENTITY = "";
				COMBINE_HIDPI_IMAGES = YES;
				GCC_PRECOMPILE_PREFIX_HEADER = YES;
				GCC_PREFIX_HEADER = "JsonCompletor/JsonCompletor-Prefix.pch";
				INFOPLIST_FILE = "JsonCompletor/JsonCompletor-Info.plist";
				MACOSX_DEPLOYMENT_TARGET = 10.7;
				PRODUCT_NAME = JsonCompletor;
				PROVISIONING_PROFILE = "";
				WRAPPER_EXTENSION = app;
			};
			name = Debug;
		};
		438EDC4315E1D08800D6B752 /* Release */ = {
			isa = XCBuildConfiguration;
			buildSettings = {
				CODE_SIGN_ENTITLEMENTS = "";
				CODE_SIGN_IDENTITY = "";
				COMBINE_HIDPI_IMAGES = YES;
				GCC_PRECOMPILE_PREFIX_HEADER = YES;
				GCC_PREFIX_HEADER = "JsonCompletor/JsonCompletor-Prefix.pch";
				INFOPLIST_FILE = "JsonCompletor/JsonCompletor-Info.plist";
				MACOSX_DEPLOYMENT_TARGET = 10.7;
				PRODUCT_NAME = JsonCompletor;
				PROVISIONING_PROFILE = "";
				WRAPPER_EXTENSION = app;
			};
			name = Release;
		};
/* End XCBuildConfiguration section */

/* Begin XCConfigurationList section */
		438EDC1D15E1D08700D6B752 /* Build configuration list for PBXProject "JsonCompletor" */ = {
			isa = XCConfigurationList;
			buildConfigurations = (
				438EDC3F15E1D08800D6B752 /* Debug */,
				438EDC4015E1D08800D6B752 /* Release */,
			);
			defaultConfigurationIsVisible = 0;
			defaultConfigurationName = Release;
		};
		438EDC4115E1D08800D6B752 /* Build configuration list for PBXNativeTarget "JsonCompletor" */ = {
			isa = XCConfigurationList;
			buildConfigurations = (
				438EDC4215E1D08800D6B752 /* Debug */,
				438EDC4315E1D08800D6B752 /* Release */,
			);
			defaultConfigurationIsVisible = 0;
			defaultConfigurationName = Release;
		};
/* End XCConfigurationList section */
	};
	rootObject = 438EDC1A15E1D08700D6B752 /* Project object */;
}
